{
  "version": 4,
  "terraform_version": "1.1.7",
  "serial": 26,
  "lineage": "ac8857f2-735d-5887-d0b7-6ee7c1695cd2",
  "outputs": {},
  "resources": [
    {
      "mode": "managed",
      "type": "yandex_compute_instance",
      "name": "kube_control",
      "provider": "provider[\"terraform-registry.storage.yandexcloud.net/yandex-cloud/yandex\"]",
      "instances": [
        {
          "schema_version": 1,
          "attributes": {
            "allow_stopping_for_update": null,
            "boot_disk": [
              {
                "auto_delete": true,
                "device_name": "epd1ih4bp4jm1bh9v67a",
                "disk_id": "epd1ih4bp4jm1bh9v67a",
                "initialize_params": [
                  {
                    "block_size": 4096,
                    "description": "",
                    "image_id": "fd827b91d99psvq5fjit",
                    "name": "",
                    "size": 3,
                    "snapshot_id": "",
                    "type": "network-hdd"
                  }
                ],
                "mode": "READ_WRITE"
              }
            ],
            "created_at": "2022-04-17T19:12:07Z",
            "description": "",
            "folder_id": "b1g1e417rlclna6nbfk6",
            "fqdn": "epdu5c6q8ent54ipfume.auto.internal",
            "hostname": "epdu5c6q8ent54ipfume",
            "id": "epdu5c6q8ent54ipfume",
            "labels": null,
            "metadata": {
              "password": "ubuntu",
              "ssh-keys": "ubuntu:ssh-rsa AAAAB3NzaC1yc2EAAAADAQABAAABAQDU62tqD+YaCFc83Ywv8YdqSkmEaMGM7sjum2za5HUa47zZWoCni4RiOlUhTDltC/y+iOD0/h45l8mOdbKNcJBcrN/u9QNDLP77iJ40QYxcjYR7YKtY1fHv0qxmbYwRG0y4KjfCU7FEBtiX+dpXLBqjwg/XPkVwwxfV+CPkKtnBN7UWDU3kc38TwndFNT2S/xf8WzYMedmIRlVgZ+DlhzBH7gX9QF9OvuW2J9POqj/Ab/xlzHXlM9W/f4Uuts7Gys6+eRYBugqWyNeeuKtBVosviE/f15uqetvmAhMU3ZZopFpie4EQxnS+3TUwKCvFNWtUXQZQqKTR0K99u096yY0N pixel@kopilka\n",
              "username": "ubuntu"
            },
            "name": "kube-control",
            "network_acceleration_type": "standard",
            "network_interface": [
              {
                "dns_record": [],
                "index": 0,
                "ip_address": "192.168.10.20",
                "ipv4": true,
                "ipv6": false,
                "ipv6_address": "",
                "ipv6_dns_record": [],
                "mac_address": "d0:0d:1e:2b:0d:a4",
                "nat": true,
                "nat_dns_record": [],
                "nat_ip_address": "51.250.105.9",
                "nat_ip_version": "IPV4",
                "security_group_ids": [],
                "subnet_id": "e2l6habfhuh64s30mdr5"
              }
            ],
            "placement_policy": [
              {
                "placement_group_id": ""
              }
            ],
            "platform_id": "standard-v2",
            "resources": [
              {
                "core_fraction": 20,
                "cores": 2,
                "gpus": 0,
                "memory": 2
              }
            ],
            "scheduling_policy": [
              {
                "preemptible": false
              }
            ],
            "secondary_disk": [],
            "service_account_id": "aje9i0ll8pkubtiiv4p9",
            "status": "running",
            "timeouts": null,
            "zone": "ru-central1-b"
          },
          "sensitive_attributes": [],
          "private": "eyJlMmJmYjczMC1lY2FhLTExZTYtOGY4OC0zNDM2M2JjN2M0YzAiOnsiY3JlYXRlIjozMDAwMDAwMDAwMDAsImRlbGV0ZSI6MzAwMDAwMDAwMDAwLCJ1cGRhdGUiOjMwMDAwMDAwMDAwMH0sInNjaGVtYV92ZXJzaW9uIjoiMSJ9",
          "dependencies": [
            "yandex_iam_service_account.ig-sa",
            "yandex_vpc_network.kube_network",
            "yandex_vpc_subnet.public"
          ]
        }
      ]
    },
    {
      "mode": "managed",
      "type": "yandex_compute_instance",
      "name": "worker1",
      "provider": "provider[\"terraform-registry.storage.yandexcloud.net/yandex-cloud/yandex\"]",
      "instances": [
        {
          "schema_version": 1,
          "attributes": {
            "allow_stopping_for_update": null,
            "boot_disk": [
              {
                "auto_delete": true,
                "device_name": "epdqec4tqt757ucjesod",
                "disk_id": "epdqec4tqt757ucjesod",
                "initialize_params": [
                  {
                    "block_size": 4096,
                    "description": "",
                    "image_id": "fd827b91d99psvq5fjit",
                    "name": "",
                    "size": 3,
                    "snapshot_id": "",
                    "type": "network-hdd"
                  }
                ],
                "mode": "READ_WRITE"
              }
            ],
            "created_at": "2022-04-17T19:12:07Z",
            "description": "",
            "folder_id": "b1g1e417rlclna6nbfk6",
            "fqdn": "epd6m8bjqr9tsmo7mn2i.auto.internal",
            "hostname": "epd6m8bjqr9tsmo7mn2i",
            "id": "epd6m8bjqr9tsmo7mn2i",
            "labels": null,
            "metadata": {
              "password": "ubuntu",
              "ssh-keys": "ubuntu:ssh-rsa AAAAB3NzaC1yc2EAAAADAQABAAABAQDU62tqD+YaCFc83Ywv8YdqSkmEaMGM7sjum2za5HUa47zZWoCni4RiOlUhTDltC/y+iOD0/h45l8mOdbKNcJBcrN/u9QNDLP77iJ40QYxcjYR7YKtY1fHv0qxmbYwRG0y4KjfCU7FEBtiX+dpXLBqjwg/XPkVwwxfV+CPkKtnBN7UWDU3kc38TwndFNT2S/xf8WzYMedmIRlVgZ+DlhzBH7gX9QF9OvuW2J9POqj/Ab/xlzHXlM9W/f4Uuts7Gys6+eRYBugqWyNeeuKtBVosviE/f15uqetvmAhMU3ZZopFpie4EQxnS+3TUwKCvFNWtUXQZQqKTR0K99u096yY0N pixel@kopilka\n",
              "username": "ubuntu"
            },
            "name": "worker1",
            "network_acceleration_type": "standard",
            "network_interface": [
              {
                "dns_record": [],
                "index": 0,
                "ip_address": "192.168.10.21",
                "ipv4": true,
                "ipv6": false,
                "ipv6_address": "",
                "ipv6_dns_record": [],
                "mac_address": "d0:0d:6b:21:73:d6",
                "nat": true,
                "nat_dns_record": [],
                "nat_ip_address": "51.250.25.253",
                "nat_ip_version": "IPV4",
                "security_group_ids": [],
                "subnet_id": "e2l6habfhuh64s30mdr5"
              }
            ],
            "placement_policy": [
              {
                "placement_group_id": ""
              }
            ],
            "platform_id": "standard-v2",
            "resources": [
              {
                "core_fraction": 5,
                "cores": 2,
                "gpus": 0,
                "memory": 0.5
              }
            ],
            "scheduling_policy": [
              {
                "preemptible": false
              }
            ],
            "secondary_disk": [],
            "service_account_id": "aje9i0ll8pkubtiiv4p9",
            "status": "running",
            "timeouts": null,
            "zone": "ru-central1-b"
          },
          "sensitive_attributes": [],
          "private": "eyJlMmJmYjczMC1lY2FhLTExZTYtOGY4OC0zNDM2M2JjN2M0YzAiOnsiY3JlYXRlIjozMDAwMDAwMDAwMDAsImRlbGV0ZSI6MzAwMDAwMDAwMDAwLCJ1cGRhdGUiOjMwMDAwMDAwMDAwMH0sInNjaGVtYV92ZXJzaW9uIjoiMSJ9",
          "dependencies": [
            "yandex_iam_service_account.ig-sa",
            "yandex_vpc_network.kube_network",
            "yandex_vpc_subnet.public"
          ]
        }
      ]
    },
    {
      "mode": "managed",
      "type": "yandex_compute_instance",
      "name": "worker2",
      "provider": "provider[\"terraform-registry.storage.yandexcloud.net/yandex-cloud/yandex\"]",
      "instances": [
        {
          "schema_version": 1,
          "attributes": {
            "allow_stopping_for_update": null,
            "boot_disk": [
              {
                "auto_delete": true,
                "device_name": "epde9jfrm7ukfqpc6qrn",
                "disk_id": "epde9jfrm7ukfqpc6qrn",
                "initialize_params": [
                  {
                    "block_size": 4096,
                    "description": "",
                    "image_id": "fd827b91d99psvq5fjit",
                    "name": "",
                    "size": 3,
                    "snapshot_id": "",
                    "type": "network-hdd"
                  }
                ],
                "mode": "READ_WRITE"
              }
            ],
            "created_at": "2022-04-17T19:12:07Z",
            "description": "",
            "folder_id": "b1g1e417rlclna6nbfk6",
            "fqdn": "epdeo8qo5qoacequ06n7.auto.internal",
            "hostname": "epdeo8qo5qoacequ06n7",
            "id": "epdeo8qo5qoacequ06n7",
            "labels": null,
            "metadata": {
              "password": "ubuntu",
              "ssh-keys": "ubuntu:ssh-rsa AAAAB3NzaC1yc2EAAAADAQABAAABAQDU62tqD+YaCFc83Ywv8YdqSkmEaMGM7sjum2za5HUa47zZWoCni4RiOlUhTDltC/y+iOD0/h45l8mOdbKNcJBcrN/u9QNDLP77iJ40QYxcjYR7YKtY1fHv0qxmbYwRG0y4KjfCU7FEBtiX+dpXLBqjwg/XPkVwwxfV+CPkKtnBN7UWDU3kc38TwndFNT2S/xf8WzYMedmIRlVgZ+DlhzBH7gX9QF9OvuW2J9POqj/Ab/xlzHXlM9W/f4Uuts7Gys6+eRYBugqWyNeeuKtBVosviE/f15uqetvmAhMU3ZZopFpie4EQxnS+3TUwKCvFNWtUXQZQqKTR0K99u096yY0N pixel@kopilka\n",
              "username": "ubuntu"
            },
            "name": "worker2",
            "network_acceleration_type": "standard",
            "network_interface": [
              {
                "dns_record": [],
                "index": 0,
                "ip_address": "192.168.10.22",
                "ipv4": true,
                "ipv6": false,
                "ipv6_address": "",
                "ipv6_dns_record": [],
                "mac_address": "d0:0d:ec:23:58:2e",
                "nat": true,
                "nat_dns_record": [],
                "nat_ip_address": "51.250.31.18",
                "nat_ip_version": "IPV4",
                "security_group_ids": [],
                "subnet_id": "e2l6habfhuh64s30mdr5"
              }
            ],
            "placement_policy": [
              {
                "placement_group_id": ""
              }
            ],
            "platform_id": "standard-v2",
            "resources": [
              {
                "core_fraction": 5,
                "cores": 2,
                "gpus": 0,
                "memory": 0.5
              }
            ],
            "scheduling_policy": [
              {
                "preemptible": false
              }
            ],
            "secondary_disk": [],
            "service_account_id": "aje9i0ll8pkubtiiv4p9",
            "status": "running",
            "timeouts": null,
            "zone": "ru-central1-b"
          },
          "sensitive_attributes": [],
          "private": "eyJlMmJmYjczMC1lY2FhLTExZTYtOGY4OC0zNDM2M2JjN2M0YzAiOnsiY3JlYXRlIjozMDAwMDAwMDAwMDAsImRlbGV0ZSI6MzAwMDAwMDAwMDAwLCJ1cGRhdGUiOjMwMDAwMDAwMDAwMH0sInNjaGVtYV92ZXJzaW9uIjoiMSJ9",
          "dependencies": [
            "yandex_iam_service_account.ig-sa",
            "yandex_vpc_network.kube_network",
            "yandex_vpc_subnet.public"
          ]
        }
      ]
    },
    {
      "mode": "managed",
      "type": "yandex_iam_service_account",
      "name": "ig-sa",
      "provider": "provider[\"terraform-registry.storage.yandexcloud.net/yandex-cloud/yandex\"]",
      "instances": [
        {
          "schema_version": 0,
          "attributes": {
            "created_at": "2022-04-17T19:12:05Z",
            "description": "service account to manage IG",
            "folder_id": "b1g1e417rlclna6nbfk6",
            "id": "aje9i0ll8pkubtiiv4p9",
            "name": "ig-sa",
            "timeouts": null
          },
          "sensitive_attributes": [],
          "private": "eyJlMmJmYjczMC1lY2FhLTExZTYtOGY4OC0zNDM2M2JjN2M0YzAiOnsiY3JlYXRlIjo2MDAwMDAwMDAwMCwiZGVsZXRlIjo2MDAwMDAwMDAwMCwidXBkYXRlIjo2MDAwMDAwMDAwMH19"
        }
      ]
    },
    {
      "mode": "managed",
      "type": "yandex_resourcemanager_folder_iam_binding",
      "name": "editor",
      "provider": "provider[\"terraform-registry.storage.yandexcloud.net/yandex-cloud/yandex\"]",
      "instances": [
        {
          "schema_version": 0,
          "attributes": {
            "folder_id": "b1g1e417rlclna6nbfk6",
            "id": "b1g1e417rlclna6nbfk6/editor",
            "members": [
              "serviceAccount:aje9i0ll8pkubtiiv4p9"
            ],
            "role": "editor",
            "sleep_after": null
          },
          "sensitive_attributes": [],
          "private": "bnVsbA==",
          "dependencies": [
            "yandex_iam_service_account.ig-sa"
          ]
        }
      ]
    },
    {
      "mode": "managed",
      "type": "yandex_vpc_network",
      "name": "kube_network",
      "provider": "provider[\"terraform-registry.storage.yandexcloud.net/yandex-cloud/yandex\"]",
      "instances": [
        {
          "schema_version": 0,
          "attributes": {
            "created_at": "2022-04-17T19:12:05Z",
            "default_security_group_id": "",
            "description": "",
            "folder_id": "b1g1e417rlclna6nbfk6",
            "id": "enp21vhh1fla6ci685d0",
            "labels": {},
            "name": "",
            "subnet_ids": [],
            "timeouts": null
          },
          "sensitive_attributes": [],
          "private": "eyJlMmJmYjczMC1lY2FhLTExZTYtOGY4OC0zNDM2M2JjN2M0YzAiOnsiY3JlYXRlIjo2MDAwMDAwMDAwMCwiZGVsZXRlIjo2MDAwMDAwMDAwMCwidXBkYXRlIjo2MDAwMDAwMDAwMH19"
        }
      ]
    },
    {
      "mode": "managed",
      "type": "yandex_vpc_subnet",
      "name": "public",
      "provider": "provider[\"terraform-registry.storage.yandexcloud.net/yandex-cloud/yandex\"]",
      "instances": [
        {
          "schema_version": 0,
          "attributes": {
            "created_at": "2022-04-17T19:12:06Z",
            "description": "",
            "dhcp_options": [],
            "folder_id": "b1g1e417rlclna6nbfk6",
            "id": "e2l6habfhuh64s30mdr5",
            "labels": {},
            "name": "public",
            "network_id": "enp21vhh1fla6ci685d0",
            "route_table_id": "",
            "timeouts": null,
            "v4_cidr_blocks": [
              "192.168.10.0/24"
            ],
            "v6_cidr_blocks": [],
            "zone": "ru-central1-b"
          },
          "sensitive_attributes": [],
          "private": "eyJlMmJmYjczMC1lY2FhLTExZTYtOGY4OC0zNDM2M2JjN2M0YzAiOnsiY3JlYXRlIjoxODAwMDAwMDAwMDAsImRlbGV0ZSI6MTgwMDAwMDAwMDAwLCJ1cGRhdGUiOjE4MDAwMDAwMDAwMH19",
          "dependencies": [
            "yandex_vpc_network.kube_network"
          ]
        }
      ]
    }
  ]
}
